
Microsoft Visual Studio Solution File, Format Version 12.00
# Visual Studio 15
VisualStudioVersion = 15.0.27703.2047
MinimumVisualStudioVersion = 10.0.40219.1
Project("{2150E333-8FDC-42A3-9474-1A3956D46DE8}") = "Solution Items", "Solution Items", "{8E671208-0A09-4CAC-AFDF-48C9E1A5030F}"
	ProjectSection(SolutionItems) = preProject
		Settings.xml = Settings.xml
	EndProjectSection
EndProject
Project("{FAE04EC0-301F-11D3-BF4B-00C04F79EFBC}") = "Common", "Common\Common.csproj", "{A3682717-FFF1-433F-961A-B70FB7B6BD12}"
EndProject
Project("{FAE04EC0-301F-11D3-BF4B-00C04F79EFBC}") = "Configuration", "Configuration\Configuration.csproj", "{66511F42-C856-49C9-85B7-EB619D1CF9AC}"
EndProject
Project("{FAE04EC0-301F-11D3-BF4B-00C04F79EFBC}") = "ServerTreeView.Settings", "ServerTreeView.Settings\ServerTreeView.Settings.csproj", "{0B903777-29D6-474B-8867-D91B8A54926E}"
EndProject
Global
	GlobalSection(SolutionConfigurationPlatforms) = preSolution
		Debug|Any CPU = Debug|Any CPU
		Release|Any CPU = Release|Any CPU
	EndGlobalSection
	GlobalSection(ProjectConfigurationPlatforms) = postSolution
		{A3682717-FFF1-433F-961A-B70FB7B6BD12}.Debug|Any CPU.ActiveCfg = Debug|Any CPU
		{A3682717-FFF1-433F-961A-B70FB7B6BD12}.Debug|Any CPU.Build.0 = Debug|Any CPU
		{A3682717-FFF1-433F-961A-B70FB7B6BD12}.Release|Any CPU.ActiveCfg = Release|Any CPU
		{A3682717-FFF1-433F-961A-B70FB7B6BD12}.Release|Any CPU.Build.0 = Release|Any CPU
		{66511F42-C856-49C9-85B7-EB619D1CF9AC}.Debug|Any CPU.ActiveCfg = Debug|Any CPU
		{66511F42-C856-49C9-85B7-EB619D1CF9AC}.Debug|Any CPU.Build.0 = Debug|Any CPU
		{66511F42-C856-49C9-85B7-EB619D1CF9AC}.Release|Any CPU.ActiveCfg = Release|Any CPU
		{66511F42-C856-49C9-85B7-EB619D1CF9AC}.Release|Any CPU.Build.0 = Release|Any CPU
		{0B903777-29D6-474B-8867-D91B8A54926E}.Debug|Any CPU.ActiveCfg = Debug|Any CPU
		{0B903777-29D6-474B-8867-D91B8A54926E}.Debug|Any CPU.Build.0 = Debug|Any CPU
		{0B903777-29D6-474B-8867-D91B8A54926E}.Release|Any CPU.ActiveCfg = Release|Any CPU
		{0B903777-29D6-474B-8867-D91B8A54926E}.Release|Any CPU.Build.0 = Release|Any CPU
	EndGlobalSection
	GlobalSection(SolutionProperties) = preSolution
		HideSolutionNode = FALSE
	EndGlobalSection
	GlobalSection(ExtensibilityGlobals) = postSolution
		SolutionGuid = {E4739348-9AFD-4F24-8D46-36CBCFE615F6}
	EndGlobalSection
EndGlobal
